<Solution>
  <Project Path="Unity.ShaderGraph.Editor.csproj" />
  <Project Path="Genies.Utilities.csproj" />
  <Project Path="GLTFSerialization.csproj" />
  <Project Path="Unity.RenderPipelines.Universal.Editor.csproj" />
  <Project Path="Genies.Services.csproj" />
  <Project Path="UnityGLTFScripts.csproj" />
  <Project Path="Genies.UIFramework.csproj" />
  <Project Path="Genies.Components.Shaders.Editor.csproj" />
  <Project Path="XNode.csproj" />
  <Project Path="Genies.ServiceManagement.csproj" />
  <Project Path="UniTask.csproj" />
  <Project Path="VContainer.csproj" />
  <Project Path="Genies.Sdk.Avatar.csproj" />
  <Project Path="Genies.Components.ShaderlessTools.csproj" />
  <Project Path="UniTask.Linq.csproj" />
  <Project Path="Genies.Refs.csproj" />
  <Project Path="Genies.Ugc.csproj" />
  <Project Path="XNodeEditor.csproj" />
  <Project Path="Genies.Components.ShaderlessTools.Editor.csproj" />
  <Project Path="UnityEditor.UI.csproj" />
  <Project Path="Genies.Sdk.Core.csproj" />
  <Project Path="UnityGLTFEditor.csproj" />
  <Project Path="Genies.Utilities.Editor.csproj" />
  <Project Path="Genies.Sdk.Core.Editor.csproj" />
  <Project Path="Genies.Telemetry.csproj" />
  <Project Path="UniTask.Editor.csproj" />
  <Project Path="UMI.Runtime.csproj" />
  <Project Path="Genies.Shaders.csproj" />
  <Project Path="VContainer.Editor.csproj" />
  <Project Path="UnityGLTF.Plugins.Experimental.csproj" />
  <Project Path="Genies.ServiceManagement.Editor.csproj" />
  <Project Path="UMI.Editor.csproj" />
  <Project Path="Genies.S3Service.csproj" />
  <Project Path="UnityGLTF.ShaderGraph.csproj" />
  <Project Path="Genies.Wearables.csproj" />
  <Project Path="Genies.PerformanceMonitoring.csproj" />
  <Project Path="Assembly-CSharp.csproj" />
  <Project Path="UniTask.TextMeshPro.csproj" />
  <Project Path="Genies.Sdk.Bootstrap.Editor.csproj" />
  <Project Path="VContainer.EnableCodeGen.csproj" />
  <Project Path="UnityGLTF.Helpers.csproj" />
  <Project Path="Unity.VContainer.CodeGen.csproj" />
  <Project Path="Genies.Sdk.Avatar.Telemetry.Editor.csproj" />
  <Project Path="UnityGltf.RenderPipelines.csproj" />
  <Project Path="Genies.Telemetry.Editor.csproj" />
  <Project Path="Genies.Sdk.Avatar.Telemetry.csproj" />
  <Project Path="UniTask.Addressables.csproj" />
  <Project Path="UniTask.DOTween.csproj" />
  <Project Path="Genies.Sdk.Avatar.Editor.csproj" />
</Solution>
